{
  "name": "supermall",
  "version": "0.1.0",
  "lockfileVersion": 1,
  "requires": true,
  "dependencies": {
    "core-js": {
      "version": "3.6.5",
      "resolved": "https://registry.npm.taobao.org/core-js/download/core-js-3.6.5.tgz?cache=0&other_urls=https%3A%2F%2Fregistry.npm.taobao.org%2Fcore-js%2Fdownload%2Fcore-js-3.6.5.tgz",
      "integrity": "sha1-c5XcJzrzf7LlDpvT2f6EEoUjHRo="
    },
    "de-indent": {
      "version": "1.0.2",
      "resolved": "https://registry.npm.taobao.org/de-indent/download/de-indent-1.0.2.tgz",
      "dev": true
    },
    "he": {
      "version": "1.2.0",
      "resolved": "https://registry.npm.taobao.org/he/download/he-1.2.0.tgz",
      "dev": true
    },
    "vue": {
      "version": "2.6.11",
      "resolved": "https://registry.npm.taobao.org/vue/download/vue-2.6.11.tgz",
      "integrity": "sha1-dllNh31LEiNEBuhONSdcbVFBJcU="
    },
    "vue-router": {
      "version": "3.1.6",
      "resolved": "https://registry.npmjs.org/vue-router/-/vue-router-3.1.6.tgz",
      "integrity": "sha512-GYhn2ynaZlysZMkFE5oCHRUTqE8BWs/a9YbKpNLi0i7xD6KG1EzDqpHQmv1F5gXjr8kL5iIVS8EOtRaVUEXTqA=="
    },
    "vue-template-compiler": {
      "version": "2.6.11",
      "resolved": "https://registry.npm.taobao.org/vue-template-compiler/download/vue-template-compiler-2.6.11.tgz",
      "integrity": "sha1-wEcE749JixUxMAGJk+VjCdRpgIA=",
      "dev": true,
      "requires": {
        "de-indent": "^1.0.2",
        "he": "^1.1.0"
      }
    }
  }
}
